
Microsoft Visual Studio Solution File, Format Version 12.00
# Visual Studio Version 16
VisualStudioVersion = 16.0.31129.286
MinimumVisualStudioVersion = 10.0.40219.1
Project("{8BC9CEB8-8B4A-11D0-8D11-00A0C91BC942}") = "target_number", "target_number.vcxproj", "{2B35BC0D-CB9C-4E86-AD07-1C8A5100B0CC}"
EndProject
Global
	GlobalSection(SolutionConfigurationPlatforms) = preSolution
		Debug|x64 = Debug|x64
		Debug|x86 = Debug|x86
		Release|x64 = Release|x64
		Release|x86 = Release|x86
	EndGlobalSection
	GlobalSection(ProjectConfigurationPlatforms) = postSolution
		{2B35BC0D-CB9C-4E86-AD07-1C8A5100B0CC}.Debug|x64.ActiveCfg = Debug|x64
		{2B35BC0D-CB9C-4E86-AD07-1C8A5100B0CC}.Debug|x64.Build.0 = Debug|x64
		{2B35BC0D-CB9C-4E86-AD07-1C8A5100B0CC}.Debug|x86.ActiveCfg = Debug|Win32
		{2B35BC0D-CB9C-4E86-AD07-1C8A5100B0CC}.Debug|x86.Build.0 = Debug|Win32
		{2B35BC0D-CB9C-4E86-AD07-1C8A5100B0CC}.Release|x64.ActiveCfg = Release|x64
		{2B35BC0D-CB9C-4E86-AD07-1C8A5100B0CC}.Release|x64.Build.0 = Release|x64
		{2B35BC0D-CB9C-4E86-AD07-1C8A5100B0CC}.Release|x86.ActiveCfg = Release|Win32
		{2B35BC0D-CB9C-4E86-AD07-1C8A5100B0CC}.Release|x86.Build.0 = Release|Win32
	EndGlobalSection
	GlobalSection(SolutionProperties) = preSolution
		HideSolutionNode = FALSE
	EndGlobalSection
	GlobalSection(ExtensibilityGlobals) = postSolution
		SolutionGuid = {438287EA-A330-494A-9A36-AF02F58CE3A8}
	EndGlobalSection
EndGlobal
